
Microsoft Visual Studio Solution File, Format Version 12.00
# Visual Studio 15
VisualStudioVersion = 15.0.26730.12
MinimumVisualStudioVersion = 10.0.40219.1
Project("{FAE04EC0-301F-11D3-BF4B-00C04F79EFBC}") = "BMICalculator", "BMICalculator\BMICalculator.csproj", "{13447769-42D0-4770-B641-59320C4EDB30}"
EndProject
Global
	GlobalSection(SolutionConfigurationPlatforms) = preSolution
		Debug|Any CPU = Debug|Any CPU
		Release|Any CPU = Release|Any CPU
	EndGlobalSection
	GlobalSection(ProjectConfigurationPlatforms) = postSolution
		{13447769-42D0-4770-B641-59320C4EDB30}.Debug|Any CPU.ActiveCfg = Debug|Any CPU
		{13447769-42D0-4770-B641-59320C4EDB30}.Debug|Any CPU.Build.0 = Debug|Any CPU
		{13447769-42D0-4770-B641-59320C4EDB30}.Release|Any CPU.ActiveCfg = Release|Any CPU
		{13447769-42D0-4770-B641-59320C4EDB30}.Release|Any CPU.Build.0 = Release|Any CPU
	EndGlobalSection
	GlobalSection(SolutionProperties) = preSolution
		HideSolutionNode = FALSE
	EndGlobalSection
	GlobalSection(ExtensibilityGlobals) = postSolution
		SolutionGuid = {34241C1B-48D5-48B2-B3A1-6AFBD31DED2D}
	EndGlobalSection
EndGlobal
